
Microsoft Visual Studio Solution File, Format Version 12.00
# Visual Studio Version 16
VisualStudioVersion = 16.0.30309.148
MinimumVisualStudioVersion = 10.0.40219.1
Project("{9A19103F-16F7-4668-BE54-9A1E7A4F7556}") = "Application", "UI\Application.csproj", "{73D9AA57-A0A2-4DFD-8539-CA8D29996C8D}"
EndProject
Project("{FAE04EC0-301F-11D3-BF4B-00C04F79EFBC}") = "Application.UnitTest", "Application.UnitTest\Application.UnitTest.csproj", "{2EA807DB-5422-4228-86B8-B202E0604E69}"
EndProject
Global
	GlobalSection(SolutionConfigurationPlatforms) = preSolution
		Debug|Any CPU = Debug|Any CPU
		Release|Any CPU = Release|Any CPU
	EndGlobalSection
	GlobalSection(ProjectConfigurationPlatforms) = postSolution
		{73D9AA57-A0A2-4DFD-8539-CA8D29996C8D}.Debug|Any CPU.ActiveCfg = Debug|Any CPU
		{73D9AA57-A0A2-4DFD-8539-CA8D29996C8D}.Debug|Any CPU.Build.0 = Debug|Any CPU
		{73D9AA57-A0A2-4DFD-8539-CA8D29996C8D}.Release|Any CPU.ActiveCfg = Release|Any CPU
		{73D9AA57-A0A2-4DFD-8539-CA8D29996C8D}.Release|Any CPU.Build.0 = Release|Any CPU
		{2EA807DB-5422-4228-86B8-B202E0604E69}.Debug|Any CPU.ActiveCfg = Debug|Any CPU
		{2EA807DB-5422-4228-86B8-B202E0604E69}.Debug|Any CPU.Build.0 = Debug|Any CPU
		{2EA807DB-5422-4228-86B8-B202E0604E69}.Release|Any CPU.ActiveCfg = Release|Any CPU
		{2EA807DB-5422-4228-86B8-B202E0604E69}.Release|Any CPU.Build.0 = Release|Any CPU
	EndGlobalSection
	GlobalSection(SolutionProperties) = preSolution
		HideSolutionNode = FALSE
	EndGlobalSection
	GlobalSection(ExtensibilityGlobals) = postSolution
		SolutionGuid = {56E16732-FC89-4A94-96CA-0CFC9C3EFBB2}
	EndGlobalSection
EndGlobal
